
Microsoft Visual Studio Solution File, Format Version 12.00
# Visual Studio Version 16
VisualStudioVersion = 16.0.30717.126
MinimumVisualStudioVersion = 10.0.40219.1
Project("{FAE04EC0-301F-11D3-BF4B-00C04F79EFBC}") = "SII lr 1", "SII lr 1\SII lr 1.csproj", "{50313B1B-C0EB-492C-812F-C1A58CCCA384}"
EndProject
Global
	GlobalSection(SolutionConfigurationPlatforms) = preSolution
		Debug|Any CPU = Debug|Any CPU
		Release|Any CPU = Release|Any CPU
	EndGlobalSection
	GlobalSection(ProjectConfigurationPlatforms) = postSolution
		{50313B1B-C0EB-492C-812F-C1A58CCCA384}.Debug|Any CPU.ActiveCfg = Debug|Any CPU
		{50313B1B-C0EB-492C-812F-C1A58CCCA384}.Debug|Any CPU.Build.0 = Debug|Any CPU
		{50313B1B-C0EB-492C-812F-C1A58CCCA384}.Release|Any CPU.ActiveCfg = Release|Any CPU
		{50313B1B-C0EB-492C-812F-C1A58CCCA384}.Release|Any CPU.Build.0 = Release|Any CPU
	EndGlobalSection
	GlobalSection(SolutionProperties) = preSolution
		HideSolutionNode = FALSE
	EndGlobalSection
	GlobalSection(ExtensibilityGlobals) = postSolution
		SolutionGuid = {FEAE10CA-FB51-4940-A2C4-BF0D1F420782}
	EndGlobalSection
EndGlobal
